{
  "lockfile_version": "1",
  "packages": {
    "git@2.52.0": {
      "last_modified": "2026-01-01T04:40:00Z",
      "resolved": "github:NixOS/nixpkgs/c04833a1e584401bb63c1a63ddc51a71e6aa457a#git",
      "source": "devbox-search",
      "version": "2.52.0",
      "systems": {
        "aarch64-darwin": {
          "outputs": [
            {
              "name": "out",
              "path": "/nix/store/1xy62wrp3m91snd3cazxgg0yrplb6sav-git-2.52.0",
              "default": true
            },
            {
              "name": "doc",
              "path": "/nix/store/1518yqnr4z0p65jfv8skw2qwc30ad5la-git-2.52.0-doc"
            }
          ],
          "store_path": "/nix/store/1xy62wrp3m91snd3cazxgg0yrplb6sav-git-2.52.0"
        },
        "aarch64-linux": {
          "outputs": [
            {
              "name": "out",
              "path": "/nix/store/mfbr42w740arf759n51nhki221lang5z-git-2.52.0",
              "default": true
            },
            {
              "name": "doc",
              "path": "/nix/store/lm1plgvh8qlv0amm8wiz8l00ky298hws-git-2.52.0-doc"
            },
            {
              "name": "debug",
              "path": "/nix/store/q0lq2fczq1y9q9028k4ripf38mfy3n42-git-2.52.0-debug"
            }
          ],
          "store_path": "/nix/store/mfbr42w740arf759n51nhki221lang5z-git-2.52.0"
        },
        "x86_64-darwin": {
          "outputs": [
            {
              "name": "out",
              "path": "/nix/store/0lxp1s4hb0xb0di1a5jg08rr8hk0cvz8-git-2.52.0",
              "default": true
            },
            {
              "name": "doc",
              "path": "/nix/store/a9903b6q3clvx61l8drkpr262fb5qmik-git-2.52.0-doc"
            }
          ],
          "store_path": "/nix/store/0lxp1s4hb0xb0di1a5jg08rr8hk0cvz8-git-2.52.0"
        },
        "x86_64-linux": {
          "outputs": [
            {
              "name": "out",
              "path": "/nix/store/fryiyyhhilpqhx2wc4b6l5gnxc8w18rg-git-2.52.0",
              "default": true
            },
            {
              "name": "debug",
              "path": "/nix/store/q6m51s4q8kddlh9b9rb63v1yqvlv3xgp-git-2.52.0-debug"
            },
            {
              "name": "doc",
              "path": "/nix/store/n4zq81winwf8d5y2ra7fjznwl6cnhggz-git-2.52.0-doc"
            }
          ],
          "store_path": "/nix/store/fryiyyhhilpqhx2wc4b6l5gnxc8w18rg-git-2.52.0"
        }
      }
    },
    "github:NixOS/nixpkgs/nixpkgs-unstable": {
      "resolved": "github:NixOS/nixpkgs/3866ad91cfc172f08a6839def503d8fc2923c603?lastModified=1748506378&narHash=sha256-oS0Gxh63Df8b8r04lqEYDDLKhHIrVr9%2FJLOn2bn8JaI%3D"
    },
    "oh-my-zsh@2025-03-11": {
      "last_modified": "2025-03-23T05:31:05Z",
      "resolved": "github:NixOS/nixpkgs/dd613136ee91f67e5dba3f3f41ac99ae89c5406b#oh-my-zsh",
      "source": "devbox-search",
      "version": "2025-03-11",
      "systems": {
        "aarch64-darwin": {
          "outputs": [
            {
              "name": "out",
              "path": "/nix/store/9sapn4iw8adn0gixalr2wi951nxk2hhr-oh-my-zsh-2025-03-11",
              "default": true
            }
          ],
          "store_path": "/nix/store/9sapn4iw8adn0gixalr2wi951nxk2hhr-oh-my-zsh-2025-03-11"
        },
        "aarch64-linux": {
          "outputs": [
            {
              "name": "out",
              "path": "/nix/store/d81jvx25yabl280wblfnnblzv563rkpi-oh-my-zsh-2025-03-11",
              "default": true
            }
          ],
          "store_path": "/nix/store/d81jvx25yabl280wblfnnblzv563rkpi-oh-my-zsh-2025-03-11"
        },
        "x86_64-darwin": {
          "outputs": [
            {
              "name": "out",
              "path": "/nix/store/5c7gzlwlrfrg51a2fv915fr65fvy27vr-oh-my-zsh-2025-03-11",
              "default": true
            }
          ],
          "store_path": "/nix/store/5c7gzlwlrfrg51a2fv915fr65fvy27vr-oh-my-zsh-2025-03-11"
        },
        "x86_64-linux": {
          "outputs": [
            {
              "name": "out",
              "path": "/nix/store/x73254pkxp98w2wrhr3znw68iqd13lk0-oh-my-zsh-2025-03-11",
              "default": true
            }
          ],
          "store_path": "/nix/store/x73254pkxp98w2wrhr3znw68iqd13lk0-oh-my-zsh-2025-03-11"
        }
      }
    },
    "sbt@1.12.0": {
      "last_modified": "2026-01-09T13:41:53Z",
      "resolved": "github:NixOS/nixpkgs/5f02c91314c8ba4afe83b256b023756412218535#sbt",
      "source": "devbox-search",
      "version": "1.12.0",
      "systems": {
        "aarch64-darwin": {
          "outputs": [
            {
              "name": "out",
              "path": "/nix/store/kj4pvj6nzfzpawjdvz4wiwdzc1kvg9jp-sbt-1.12.0",
              "default": true
            }
          ],
          "store_path": "/nix/store/kj4pvj6nzfzpawjdvz4wiwdzc1kvg9jp-sbt-1.12.0"
        },
        "aarch64-linux": {
          "outputs": [
            {
              "name": "out",
              "path": "/nix/store/8ksp24xrsiwx1xcwlcf0yslwfz6jfjyp-sbt-1.12.0",
              "default": true
            }
          ],
          "store_path": "/nix/store/8ksp24xrsiwx1xcwlcf0yslwfz6jfjyp-sbt-1.12.0"
        },
        "x86_64-darwin": {
          "outputs": [
            {
              "name": "out",
              "path": "/nix/store/aqqgj4dsc16hnlf3pxqndz85kq6hjjaw-sbt-1.12.0",
              "default": true
            }
          ],
          "store_path": "/nix/store/aqqgj4dsc16hnlf3pxqndz85kq6hjjaw-sbt-1.12.0"
        },
        "x86_64-linux": {
          "outputs": [
            {
              "name": "out",
              "path": "/nix/store/l6876msn9swjg6nlpcvlliwy5jbxs9g8-sbt-1.12.0",
              "default": true
            }
          ],
          "store_path": "/nix/store/l6876msn9swjg6nlpcvlliwy5jbxs9g8-sbt-1.12.0"
        }
      }
    },
    "temurin-bin@22.0.1": {
      "last_modified": "2024-10-13T23:44:06Z",
      "resolved": "github:NixOS/nixpkgs/d4f247e89f6e10120f911e2e2d2254a050d0f732#temurin-bin",
      "source": "devbox-search",
      "version": "22.0.1",
      "systems": {
        "aarch64-darwin": {
          "outputs": [
            {
              "name": "out",
              "path": "/nix/store/2sjasf507spm5swg53c0a6dxabcxqkz2-temurin-bin-22.0.1",
              "default": true
            }
          ],
          "store_path": "/nix/store/2sjasf507spm5swg53c0a6dxabcxqkz2-temurin-bin-22.0.1"
        },
        "aarch64-linux": {
          "outputs": [
            {
              "name": "out",
              "path": "/nix/store/m3jdxn5kh2b51aqlwmm655f03lbhq4ms-temurin-bin-22.0.1",
              "default": true
            }
          ],
          "store_path": "/nix/store/m3jdxn5kh2b51aqlwmm655f03lbhq4ms-temurin-bin-22.0.1"
        },
        "x86_64-darwin": {
          "outputs": [
            {
              "name": "out",
              "path": "/nix/store/b9fmvshgzi8masd6pdwab21xy416sxbc-temurin-bin-22.0.1",
              "default": true
            }
          ],
          "store_path": "/nix/store/b9fmvshgzi8masd6pdwab21xy416sxbc-temurin-bin-22.0.1"
        },
        "x86_64-linux": {
          "outputs": [
            {
              "name": "out",
              "path": "/nix/store/p3fbssw0vk4afv4fby00g2sh33r74cam-temurin-bin-22.0.1",
              "default": true
            }
          ],
          "store_path": "/nix/store/p3fbssw0vk4afv4fby00g2sh33r74cam-temurin-bin-22.0.1"
        }
      }
    }
  }
}
