{
  "lockfile_version": "1",
  "packages": {
    "git@2.49.0": {
      "last_modified": "2025-05-29T08:12:58Z",
      "resolved": "github:NixOS/nixpkgs/3866ad91cfc172f08a6839def503d8fc2923c603#git",
      "source": "devbox-search",
      "version": "2.49.0",
      "systems": {
        "aarch64-darwin": {
          "outputs": [
            {
              "name": "out",
              "path": "/nix/store/9pa6rygnkrdp03j4ba0w6yb5qid5x3qb-git-2.49.0",
              "default": true
            },
            {
              "name": "doc",
              "path": "/nix/store/4a1f3ymqasdx2sfwn615n6x6z15qk5nd-git-2.49.0-doc"
            }
          ],
          "store_path": "/nix/store/9pa6rygnkrdp03j4ba0w6yb5qid5x3qb-git-2.49.0"
        },
        "aarch64-linux": {
          "outputs": [
            {
              "name": "out",
              "path": "/nix/store/bqk89pw1wmjzrqi20vqz194ylfhl5cnm-git-2.49.0",
              "default": true
            },
            {
              "name": "doc",
              "path": "/nix/store/ll9hlbwp3vvihpx2p2g7mykrl2a4snk4-git-2.49.0-doc"
            },
            {
              "name": "debug",
              "path": "/nix/store/ypv73aihzciz9x12imf5dvz4qkn4wakd-git-2.49.0-debug"
            }
          ],
          "store_path": "/nix/store/bqk89pw1wmjzrqi20vqz194ylfhl5cnm-git-2.49.0"
        },
        "x86_64-darwin": {
          "outputs": [
            {
              "name": "out",
              "path": "/nix/store/38kaic6dax0nkj4xwnyysmlwzdlrfdfr-git-2.49.0",
              "default": true
            },
            {
              "name": "doc",
              "path": "/nix/store/0544ir9xg154jsb00i0881ggpafyw4nc-git-2.49.0-doc"
            }
          ],
          "store_path": "/nix/store/38kaic6dax0nkj4xwnyysmlwzdlrfdfr-git-2.49.0"
        },
        "x86_64-linux": {
          "outputs": [
            {
              "name": "out",
              "path": "/nix/store/805a5wv1cyah5awij184yfad1ksmbh9f-git-2.49.0",
              "default": true
            },
            {
              "name": "doc",
              "path": "/nix/store/7dfxlvdhr5g57b1v8gxwpa2gs7i9g3y5-git-2.49.0-doc"
            },
            {
              "name": "debug",
              "path": "/nix/store/6nibw5w4xay921qx7lp74bs10qsqp0g9-git-2.49.0-debug"
            }
          ],
          "store_path": "/nix/store/805a5wv1cyah5awij184yfad1ksmbh9f-git-2.49.0"
        }
      }
    },
    "github:NixOS/nixpkgs/nixpkgs-unstable": {
      "resolved": "github:NixOS/nixpkgs/3866ad91cfc172f08a6839def503d8fc2923c603?lastModified=1748506378&narHash=sha256-oS0Gxh63Df8b8r04lqEYDDLKhHIrVr9%2FJLOn2bn8JaI%3D"
    },
    "oh-my-zsh@2025-03-11": {
      "last_modified": "2025-03-23T05:31:05Z",
      "resolved": "github:NixOS/nixpkgs/dd613136ee91f67e5dba3f3f41ac99ae89c5406b#oh-my-zsh",
      "source": "devbox-search",
      "version": "2025-03-11",
      "systems": {
        "aarch64-darwin": {
          "outputs": [
            {
              "name": "out",
              "path": "/nix/store/9sapn4iw8adn0gixalr2wi951nxk2hhr-oh-my-zsh-2025-03-11",
              "default": true
            }
          ],
          "store_path": "/nix/store/9sapn4iw8adn0gixalr2wi951nxk2hhr-oh-my-zsh-2025-03-11"
        },
        "aarch64-linux": {
          "outputs": [
            {
              "name": "out",
              "path": "/nix/store/d81jvx25yabl280wblfnnblzv563rkpi-oh-my-zsh-2025-03-11",
              "default": true
            }
          ],
          "store_path": "/nix/store/d81jvx25yabl280wblfnnblzv563rkpi-oh-my-zsh-2025-03-11"
        },
        "x86_64-darwin": {
          "outputs": [
            {
              "name": "out",
              "path": "/nix/store/5c7gzlwlrfrg51a2fv915fr65fvy27vr-oh-my-zsh-2025-03-11",
              "default": true
            }
          ],
          "store_path": "/nix/store/5c7gzlwlrfrg51a2fv915fr65fvy27vr-oh-my-zsh-2025-03-11"
        },
        "x86_64-linux": {
          "outputs": [
            {
              "name": "out",
              "path": "/nix/store/x73254pkxp98w2wrhr3znw68iqd13lk0-oh-my-zsh-2025-03-11",
              "default": true
            }
          ],
          "store_path": "/nix/store/x73254pkxp98w2wrhr3znw68iqd13lk0-oh-my-zsh-2025-03-11"
        }
      }
    },
    "sbt@1.10.10": {
      "last_modified": "2025-03-18T04:27:45Z",
      "resolved": "github:NixOS/nixpkgs/3549532663732bfd89993204d40543e9edaec4f2#sbt",
      "source": "devbox-search",
      "version": "1.10.10",
      "systems": {
        "aarch64-darwin": {
          "outputs": [
            {
              "name": "out",
              "path": "/nix/store/pjr6n5ddlar3l7wn9ysfxhrrpkalp4qv-sbt-1.10.10",
              "default": true
            }
          ],
          "store_path": "/nix/store/pjr6n5ddlar3l7wn9ysfxhrrpkalp4qv-sbt-1.10.10"
        },
        "aarch64-linux": {
          "outputs": [
            {
              "name": "out",
              "path": "/nix/store/sy06miv8fam6m32f62pn85kvyqbf78qg-sbt-1.10.10",
              "default": true
            }
          ],
          "store_path": "/nix/store/sy06miv8fam6m32f62pn85kvyqbf78qg-sbt-1.10.10"
        },
        "x86_64-darwin": {
          "outputs": [
            {
              "name": "out",
              "path": "/nix/store/xnslbxipbmkp8pmn2kg5f0njl5wbpmds-sbt-1.10.10",
              "default": true
            }
          ],
          "store_path": "/nix/store/xnslbxipbmkp8pmn2kg5f0njl5wbpmds-sbt-1.10.10"
        },
        "x86_64-linux": {
          "outputs": [
            {
              "name": "out",
              "path": "/nix/store/vn52ryf8n8rddbcp68a5cydjmagnx792-sbt-1.10.10",
              "default": true
            }
          ],
          "store_path": "/nix/store/vn52ryf8n8rddbcp68a5cydjmagnx792-sbt-1.10.10"
        }
      }
    },
    "temurin-bin@21.0.6": {
      "last_modified": "2025-05-16T20:19:48Z",
      "resolved": "github:NixOS/nixpkgs/12a55407652e04dcf2309436eb06fef0d3713ef3#temurin-bin",
      "source": "devbox-search",
      "version": "21.0.6",
      "systems": {
        "aarch64-darwin": {
          "outputs": [
            {
              "name": "out",
              "path": "/nix/store/lvs6rs6bnll9grv5zm6rb3wh24zp397q-temurin-bin-21.0.6",
              "default": true
            }
          ],
          "store_path": "/nix/store/lvs6rs6bnll9grv5zm6rb3wh24zp397q-temurin-bin-21.0.6"
        },
        "aarch64-linux": {
          "outputs": [
            {
              "name": "out",
              "path": "/nix/store/hymnfjdwh43g1fbk1sjfyr06aib3vxmy-temurin-bin-21.0.6",
              "default": true
            }
          ],
          "store_path": "/nix/store/hymnfjdwh43g1fbk1sjfyr06aib3vxmy-temurin-bin-21.0.6"
        },
        "x86_64-darwin": {
          "outputs": [
            {
              "name": "out",
              "path": "/nix/store/0baxb3dvfpndfmd64msn3n4vmkahds3m-temurin-bin-21.0.6",
              "default": true
            }
          ],
          "store_path": "/nix/store/0baxb3dvfpndfmd64msn3n4vmkahds3m-temurin-bin-21.0.6"
        },
        "x86_64-linux": {
          "outputs": [
            {
              "name": "out",
              "path": "/nix/store/pw2ycgcnpbmrnd7dmig7hpxqzvi2vx2a-temurin-bin-21.0.6",
              "default": true
            }
          ],
          "store_path": "/nix/store/pw2ycgcnpbmrnd7dmig7hpxqzvi2vx2a-temurin-bin-21.0.6"
        }
      }
    }
  }
}
