{
  "lockfile_version": "1",
  "packages": {
    "git@2.50.1": {
      "last_modified": "2025-08-05T11:35:34Z",
      "resolved": "github:NixOS/nixpkgs/a683adc19ff5228af548c6539dbc3440509bfed3#git",
      "source": "devbox-search",
      "version": "2.50.1",
      "systems": {
        "aarch64-darwin": {
          "outputs": [
            {
              "name": "out",
              "path": "/nix/store/jn9byxgdjndngf0d2by0djg8gcdll7xc-git-2.50.1",
              "default": true
            },
            {
              "name": "doc",
              "path": "/nix/store/j8djmq64ckbah7bl6jv1y6arrjr0shmv-git-2.50.1-doc"
            }
          ],
          "store_path": "/nix/store/jn9byxgdjndngf0d2by0djg8gcdll7xc-git-2.50.1"
        },
        "aarch64-linux": {
          "outputs": [
            {
              "name": "out",
              "path": "/nix/store/h4pvvix6pvnvys9a6y1xj2442r1ajdhl-git-2.50.1",
              "default": true
            },
            {
              "name": "debug",
              "path": "/nix/store/rpxnrnsn4nbx8wm9d2vrgj0fr5xzz5lg-git-2.50.1-debug"
            },
            {
              "name": "doc",
              "path": "/nix/store/q8sicpx16gyzxnp3345a46lj4cz9wd09-git-2.50.1-doc"
            }
          ],
          "store_path": "/nix/store/h4pvvix6pvnvys9a6y1xj2442r1ajdhl-git-2.50.1"
        },
        "x86_64-darwin": {
          "outputs": [
            {
              "name": "out",
              "path": "/nix/store/8d1n8cvi5x1j0v61459lvhqs26vmcqbl-git-2.50.1",
              "default": true
            },
            {
              "name": "doc",
              "path": "/nix/store/yn9cvbs7jz4dfdb17qralgr0ybi5rmjf-git-2.50.1-doc"
            }
          ],
          "store_path": "/nix/store/8d1n8cvi5x1j0v61459lvhqs26vmcqbl-git-2.50.1"
        },
        "x86_64-linux": {
          "outputs": [
            {
              "name": "out",
              "path": "/nix/store/5i8zvall945kypmwgqd0y47f02pldwp4-git-2.50.1",
              "default": true
            },
            {
              "name": "doc",
              "path": "/nix/store/d2lhlzkdziwmijik8nszfwp8srbkskb9-git-2.50.1-doc"
            },
            {
              "name": "debug",
              "path": "/nix/store/l46kpjpcwwp8l7kzzr1s2dlk646r73z2-git-2.50.1-debug"
            }
          ],
          "store_path": "/nix/store/5i8zvall945kypmwgqd0y47f02pldwp4-git-2.50.1"
        }
      }
    },
    "github:NixOS/nixpkgs/nixpkgs-unstable": {
      "resolved": "github:NixOS/nixpkgs/3866ad91cfc172f08a6839def503d8fc2923c603?lastModified=1748506378&narHash=sha256-oS0Gxh63Df8b8r04lqEYDDLKhHIrVr9%2FJLOn2bn8JaI%3D"
    },
    "oh-my-zsh@2025-03-11": {
      "last_modified": "2025-03-23T05:31:05Z",
      "resolved": "github:NixOS/nixpkgs/dd613136ee91f67e5dba3f3f41ac99ae89c5406b#oh-my-zsh",
      "source": "devbox-search",
      "version": "2025-03-11",
      "systems": {
        "aarch64-darwin": {
          "outputs": [
            {
              "name": "out",
              "path": "/nix/store/9sapn4iw8adn0gixalr2wi951nxk2hhr-oh-my-zsh-2025-03-11",
              "default": true
            }
          ],
          "store_path": "/nix/store/9sapn4iw8adn0gixalr2wi951nxk2hhr-oh-my-zsh-2025-03-11"
        },
        "aarch64-linux": {
          "outputs": [
            {
              "name": "out",
              "path": "/nix/store/d81jvx25yabl280wblfnnblzv563rkpi-oh-my-zsh-2025-03-11",
              "default": true
            }
          ],
          "store_path": "/nix/store/d81jvx25yabl280wblfnnblzv563rkpi-oh-my-zsh-2025-03-11"
        },
        "x86_64-darwin": {
          "outputs": [
            {
              "name": "out",
              "path": "/nix/store/5c7gzlwlrfrg51a2fv915fr65fvy27vr-oh-my-zsh-2025-03-11",
              "default": true
            }
          ],
          "store_path": "/nix/store/5c7gzlwlrfrg51a2fv915fr65fvy27vr-oh-my-zsh-2025-03-11"
        },
        "x86_64-linux": {
          "outputs": [
            {
              "name": "out",
              "path": "/nix/store/x73254pkxp98w2wrhr3znw68iqd13lk0-oh-my-zsh-2025-03-11",
              "default": true
            }
          ],
          "store_path": "/nix/store/x73254pkxp98w2wrhr3znw68iqd13lk0-oh-my-zsh-2025-03-11"
        }
      }
    },
    "sbt@1.11.4": {
      "last_modified": "2025-08-08T08:05:48Z",
      "resolved": "github:NixOS/nixpkgs/a3f3e3f2c983e957af6b07a1db98bafd1f87b7a1#sbt",
      "source": "devbox-search",
      "version": "1.11.4",
      "systems": {
        "aarch64-darwin": {
          "outputs": [
            {
              "name": "out",
              "path": "/nix/store/6wd9ya00c470b2vbbj4349zraig5gqas-sbt-1.11.4",
              "default": true
            }
          ],
          "store_path": "/nix/store/6wd9ya00c470b2vbbj4349zraig5gqas-sbt-1.11.4"
        },
        "aarch64-linux": {
          "outputs": [
            {
              "name": "out",
              "path": "/nix/store/6ap0a15gbkym8wxxn7aj86wrs0bwxksm-sbt-1.11.4",
              "default": true
            }
          ],
          "store_path": "/nix/store/6ap0a15gbkym8wxxn7aj86wrs0bwxksm-sbt-1.11.4"
        },
        "x86_64-darwin": {
          "outputs": [
            {
              "name": "out",
              "path": "/nix/store/v94zjb36qkc74243fm8ga6y44my3a7mv-sbt-1.11.4",
              "default": true
            }
          ],
          "store_path": "/nix/store/v94zjb36qkc74243fm8ga6y44my3a7mv-sbt-1.11.4"
        },
        "x86_64-linux": {
          "outputs": [
            {
              "name": "out",
              "path": "/nix/store/74vijn8nn4zhvk67jckk1fpa7pzhaf7n-sbt-1.11.4",
              "default": true
            }
          ],
          "store_path": "/nix/store/74vijn8nn4zhvk67jckk1fpa7pzhaf7n-sbt-1.11.4"
        }
      }
    },
    "temurin-bin@22.0.1": {
      "last_modified": "2024-10-13T23:44:06Z",
      "resolved": "github:NixOS/nixpkgs/d4f247e89f6e10120f911e2e2d2254a050d0f732#temurin-bin",
      "source": "devbox-search",
      "version": "22.0.1",
      "systems": {
        "aarch64-darwin": {
          "outputs": [
            {
              "name": "out",
              "path": "/nix/store/2sjasf507spm5swg53c0a6dxabcxqkz2-temurin-bin-22.0.1",
              "default": true
            }
          ],
          "store_path": "/nix/store/2sjasf507spm5swg53c0a6dxabcxqkz2-temurin-bin-22.0.1"
        },
        "aarch64-linux": {
          "outputs": [
            {
              "name": "out",
              "path": "/nix/store/m3jdxn5kh2b51aqlwmm655f03lbhq4ms-temurin-bin-22.0.1",
              "default": true
            }
          ],
          "store_path": "/nix/store/m3jdxn5kh2b51aqlwmm655f03lbhq4ms-temurin-bin-22.0.1"
        },
        "x86_64-darwin": {
          "outputs": [
            {
              "name": "out",
              "path": "/nix/store/b9fmvshgzi8masd6pdwab21xy416sxbc-temurin-bin-22.0.1",
              "default": true
            }
          ],
          "store_path": "/nix/store/b9fmvshgzi8masd6pdwab21xy416sxbc-temurin-bin-22.0.1"
        },
        "x86_64-linux": {
          "outputs": [
            {
              "name": "out",
              "path": "/nix/store/p3fbssw0vk4afv4fby00g2sh33r74cam-temurin-bin-22.0.1",
              "default": true
            }
          ],
          "store_path": "/nix/store/p3fbssw0vk4afv4fby00g2sh33r74cam-temurin-bin-22.0.1"
        }
      }
    }
  }
}
